// !$*UTF8*$!
{
	archiveVersion = 1;
	classes = {
	};
	objectVersion = 46;
	objects = {

/* Begin PBXBuildFile section */
		3FC837011B0BB9880004E3F0 /* main.m in Sources */ = {isa = PBXBuildFile; fileRef = 3FC837001B0BB9880004E3F0 /* main.m */; };
		3FC837031B0BE05A0004E3F0 /* register.m in Sources */ = {isa = PBXBuildFile; fileRef = 3FC837021B0BE05A0004E3F0 /* register.m */; };
		3FC837061B0BE09D0004E3F0 /* unregister.m in Sources */ = {isa = PBXBuildFile; fileRef = 3FC837051B0BE09D0004E3F0 /* unregister.m */; };
		3FC8370A1B0BE0F80004E3F0 /* list.m in Sources */ = {isa = PBXBuildFile; fileRef = 3FC837091B0BE0F80004E3F0 /* list.m */; };
		3FC8370D1B0BE10D0004E3F0 /* verify.m in Sources */ = {isa = PBXBuildFile; fileRef = 3FC8370C1B0BE10D0004E3F0 /* verify.m */; };
/* End PBXBuildFile section */

/* Begin PBXCopyFilesBuildPhase section */
		3F3E837B1B0AC92600AAF6E2 /* CopyFiles */ = {
			isa = PBXCopyFilesBuildPhase;
			buildActionMask = 2147483647;
			dstPath = /usr/share/man/man1/;
			dstSubfolderSpec = 0;
			files = (
			);
			runOnlyForDeploymentPostprocessing = 1;
		};
/* End PBXCopyFilesBuildPhase section */

/* Begin PBXFileReference section */
		3F3E837D1B0AC92600AAF6E2 /* fontmanager */ = {isa = PBXFileReference; explicitFileType = "compiled.mach-o.executable"; includeInIndex = 0; path = fontmanager; sourceTree = BUILT_PRODUCTS_DIR; };
		3FC837001B0BB9880004E3F0 /* main.m */ = {isa = PBXFileReference; fileEncoding = 4; lastKnownFileType = sourcecode.c.objc; path = main.m; sourceTree = "<group>"; };
		3FC837021B0BE05A0004E3F0 /* register.m */ = {isa = PBXFileReference; fileEncoding = 4; lastKnownFileType = sourcecode.c.objc; path = register.m; sourceTree = "<group>"; };
		3FC837041B0BE0830004E3F0 /* register.h */ = {isa = PBXFileReference; lastKnownFileType = sourcecode.c.h; path = register.h; sourceTree = "<group>"; };
		3FC837051B0BE09D0004E3F0 /* unregister.m */ = {isa = PBXFileReference; fileEncoding = 4; lastKnownFileType = sourcecode.c.objc; path = unregister.m; sourceTree = "<group>"; };
		3FC837071B0BE0C40004E3F0 /* unregister.h */ = {isa = PBXFileReference; lastKnownFileType = sourcecode.c.h; path = unregister.h; sourceTree = "<group>"; };
		3FC837081B0BE0EE0004E3F0 /* list.h */ = {isa = PBXFileReference; lastKnownFileType = sourcecode.c.h; path = list.h; sourceTree = "<group>"; };
		3FC837091B0BE0F80004E3F0 /* list.m */ = {isa = PBXFileReference; fileEncoding = 4; lastKnownFileType = sourcecode.c.objc; path = list.m; sourceTree = "<group>"; };
		3FC8370B1B0BE1020004E3F0 /* verify.h */ = {isa = PBXFileReference; lastKnownFileType = sourcecode.c.h; path = verify.h; sourceTree = "<group>"; };
		3FC8370C1B0BE10D0004E3F0 /* verify.m */ = {isa = PBXFileReference; fileEncoding = 4; lastKnownFileType = sourcecode.c.objc; path = verify.m; sourceTree = "<group>"; };
		3FC8370E1B0BE1BE0004E3F0 /* fontmanager.h */ = {isa = PBXFileReference; lastKnownFileType = sourcecode.c.h; path = fontmanager.h; sourceTree = "<group>"; };
/* End PBXFileReference section */

/* Begin PBXFrameworksBuildPhase section */
		3F3E837A1B0AC92600AAF6E2 /* Frameworks */ = {
			isa = PBXFrameworksBuildPhase;
			buildActionMask = 2147483647;
			files = (
			);
			runOnlyForDeploymentPostprocessing = 0;
		};
/* End PBXFrameworksBuildPhase section */

/* Begin PBXGroup section */
		3F3E83741B0AC92600AAF6E2 = {
			isa = PBXGroup;
			children = (
				3F3E837E1B0AC92600AAF6E2 /* Products */,
				3FC836FF1B0BB9880004E3F0 /* src */,
			);
			sourceTree = "<group>";
		};
		3F3E837E1B0AC92600AAF6E2 /* Products */ = {
			isa = PBXGroup;
			children = (
				3F3E837D1B0AC92600AAF6E2 /* fontmanager */,
			);
			name = Products;
			sourceTree = "<group>";
		};
		3FC836FF1B0BB9880004E3F0 /* src */ = {
			isa = PBXGroup;
			children = (
				3FC8370E1B0BE1BE0004E3F0 /* fontmanager.h */,
				3FC837001B0BB9880004E3F0 /* main.m */,
				3FC837041B0BE0830004E3F0 /* register.h */,
				3FC837021B0BE05A0004E3F0 /* register.m */,
				3FC837071B0BE0C40004E3F0 /* unregister.h */,
				3FC837051B0BE09D0004E3F0 /* unregister.m */,
				3FC837081B0BE0EE0004E3F0 /* list.h */,
				3FC837091B0BE0F80004E3F0 /* list.m */,
				3FC8370B1B0BE1020004E3F0 /* verify.h */,
				3FC8370C1B0BE10D0004E3F0 /* verify.m */,
			);
			path = src;
			sourceTree = "<group>";
		};
/* End PBXGroup section */

/* Begin PBXNativeTarget section */
		3F3E837C1B0AC92600AAF6E2 /* fontmanager */ = {
			isa = PBXNativeTarget;
			buildConfigurationList = 3F3E83841B0AC92600AAF6E2 /* Build configuration list for PBXNativeTarget "fontmanager" */;
			buildPhases = (
				3F3E83791B0AC92600AAF6E2 /* Sources */,
				3F3E837A1B0AC92600AAF6E2 /* Frameworks */,
				3F3E837B1B0AC92600AAF6E2 /* CopyFiles */,
			);
			buildRules = (
			);
			dependencies = (
			);
			name = fontmanager;
			productName = fontmanager;
			productReference = 3F3E837D1B0AC92600AAF6E2 /* fontmanager */;
			productType = "com.apple.product-type.tool";
		};
/* End PBXNativeTarget section */

/* Begin PBXProject section */
		3F3E83751B0AC92600AAF6E2 /* Project object */ = {
			isa = PBXProject;
			attributes = {
				LastUpgradeCheck = 0630;
				ORGANIZATIONNAME = Imgix;
				TargetAttributes = {
					3F3E837C1B0AC92600AAF6E2 = {
						CreatedOnToolsVersion = 6.3.1;
					};
				};
			};
			buildConfigurationList = 3F3E83781B0AC92600AAF6E2 /* Build configuration list for PBXProject "fontmanager" */;
			compatibilityVersion = "Xcode 3.2";
			developmentRegion = English;
			hasScannedForEncodings = 0;
			knownRegions = (
				en,
			);
			mainGroup = 3F3E83741B0AC92600AAF6E2;
			productRefGroup = 3F3E837E1B0AC92600AAF6E2 /* Products */;
			projectDirPath = "";
			projectRoot = "";
			targets = (
				3F3E837C1B0AC92600AAF6E2 /* fontmanager */,
			);
		};
/* End PBXProject section */

/* Begin PBXSourcesBuildPhase section */
		3F3E83791B0AC92600AAF6E2 /* Sources */ = {
			isa = PBXSourcesBuildPhase;
			buildActionMask = 2147483647;
			files = (
				3FC8370D1B0BE10D0004E3F0 /* verify.m in Sources */,
				3FC837031B0BE05A0004E3F0 /* register.m in Sources */,
				3FC8370A1B0BE0F80004E3F0 /* list.m in Sources */,
				3FC837061B0BE09D0004E3F0 /* unregister.m in Sources */,
				3FC837011B0BB9880004E3F0 /* main.m in Sources */,
			);
			runOnlyForDeploymentPostprocessing = 0;
		};
/* End PBXSourcesBuildPhase section */

/* Begin XCBuildConfiguration section */
		3F3E83821B0AC92600AAF6E2 /* Debug */ = {
			isa = XCBuildConfiguration;
			buildSettings = {
				ALWAYS_SEARCH_USER_PATHS = NO;
				CLANG_CXX_LANGUAGE_STANDARD = "gnu++0x";
				CLANG_CXX_LIBRARY = "libc++";
				CLANG_ENABLE_MODULES = YES;
				CLANG_ENABLE_OBJC_ARC = NO;
				CLANG_WARN_BOOL_CONVERSION = YES;
				CLANG_WARN_CONSTANT_CONVERSION = YES;
				CLANG_WARN_DIRECT_OBJC_ISA_USAGE = YES_ERROR;
				CLANG_WARN_EMPTY_BODY = YES;
				CLANG_WARN_ENUM_CONVERSION = YES;
				CLANG_WARN_INT_CONVERSION = YES;
				CLANG_WARN_OBJC_ROOT_CLASS = YES_ERROR;
				CLANG_WARN_UNREACHABLE_CODE = YES;
				CLANG_WARN__DUPLICATE_METHOD_MATCH = YES;
				COPY_PHASE_STRIP = NO;
				DEBUG_INFORMATION_FORMAT = dwarf;
				ENABLE_STRICT_OBJC_MSGSEND = YES;
				GCC_C_LANGUAGE_STANDARD = gnu99;
				GCC_DYNAMIC_NO_PIC = NO;
				GCC_NO_COMMON_BLOCKS = YES;
				GCC_OPTIMIZATION_LEVEL = 0;
				GCC_PREPROCESSOR_DEFINITIONS = (
					"DEBUG=1",
					"$(inherited)",
				);
				GCC_SYMBOLS_PRIVATE_EXTERN = NO;
				GCC_WARN_64_TO_32_BIT_CONVERSION = YES;
				GCC_WARN_ABOUT_RETURN_TYPE = YES_ERROR;
				GCC_WARN_UNDECLARED_SELECTOR = YES;
				GCC_WARN_UNINITIALIZED_AUTOS = YES_AGGRESSIVE;
				GCC_WARN_UNUSED_FUNCTION = YES;
				GCC_WARN_UNUSED_VARIABLE = YES;
				MACOSX_DEPLOYMENT_TARGET = 10.9;
				MTL_ENABLE_DEBUG_INFO = YES;
				ONLY_ACTIVE_ARCH = YES;
				SDKROOT = macosx10.9;
			};
			name = Debug;
		};
		3F3E83831B0AC92600AAF6E2 /* Release */ = {
			isa = XCBuildConfiguration;
			buildSettings = {
				ALWAYS_SEARCH_USER_PATHS = NO;
				CLANG_CXX_LANGUAGE_STANDARD = "gnu++0x";
				CLANG_CXX_LIBRARY = "libc++";
				CLANG_ENABLE_MODULES = YES;
				CLANG_ENABLE_OBJC_ARC = NO;
				CLANG_WARN_BOOL_CONVERSION = YES;
				CLANG_WARN_CONSTANT_CONVERSION = YES;
				CLANG_WARN_DIRECT_OBJC_ISA_USAGE = YES_ERROR;
				CLANG_WARN_EMPTY_BODY = YES;
				CLANG_WARN_ENUM_CONVERSION = YES;
				CLANG_WARN_INT_CONVERSION = YES;
				CLANG_WARN_OBJC_ROOT_CLASS = YES_ERROR;
				CLANG_WARN_UNREACHABLE_CODE = YES;
				CLANG_WARN__DUPLICATE_METHOD_MATCH = YES;
				COPY_PHASE_STRIP = NO;
				DEBUG_INFORMATION_FORMAT = "dwarf-with-dsym";
				ENABLE_NS_ASSERTIONS = NO;
				ENABLE_STRICT_OBJC_MSGSEND = YES;
				GCC_C_LANGUAGE_STANDARD = gnu99;
				GCC_NO_COMMON_BLOCKS = YES;
				GCC_WARN_64_TO_32_BIT_CONVERSION = YES;
				GCC_WARN_ABOUT_RETURN_TYPE = YES_ERROR;
				GCC_WARN_UNDECLARED_SELECTOR = YES;
				GCC_WARN_UNINITIALIZED_AUTOS = YES_AGGRESSIVE;
				GCC_WARN_UNUSED_FUNCTION = YES;
				GCC_WARN_UNUSED_VARIABLE = YES;
				MACOSX_DEPLOYMENT_TARGET = 10.9;
				MTL_ENABLE_DEBUG_INFO = NO;
				SDKROOT = macosx10.9;
			};
			name = Release;
		};
		3F3E83851B0AC92600AAF6E2 /* Debug */ = {
			isa = XCBuildConfiguration;
			buildSettings = {
				PRODUCT_NAME = "$(TARGET_NAME)";
			};
			name = Debug;
		};
		3F3E83861B0AC92600AAF6E2 /* Release */ = {
			isa = XCBuildConfiguration;
			buildSettings = {
				PRODUCT_NAME = "$(TARGET_NAME)";
			};
			name = Release;
		};
/* End XCBuildConfiguration section */

/* Begin XCConfigurationList section */
		3F3E83781B0AC92600AAF6E2 /* Build configuration list for PBXProject "fontmanager" */ = {
			isa = XCConfigurationList;
			buildConfigurations = (
				3F3E83821B0AC92600AAF6E2 /* Debug */,
				3F3E83831B0AC92600AAF6E2 /* Release */,
			);
			defaultConfigurationIsVisible = 0;
			defaultConfigurationName = Release;
		};
		3F3E83841B0AC92600AAF6E2 /* Build configuration list for PBXNativeTarget "fontmanager" */ = {
			isa = XCConfigurationList;
			buildConfigurations = (
				3F3E83851B0AC92600AAF6E2 /* Debug */,
				3F3E83861B0AC92600AAF6E2 /* Release */,
			);
			defaultConfigurationIsVisible = 0;
			defaultConfigurationName = Release;
		};
/* End XCConfigurationList section */
	};
	rootObject = 3F3E83751B0AC92600AAF6E2 /* Project object */;
}
